
Microsoft Visual Studio Solution File, Format Version 12.00
# Visual Studio Version 17
VisualStudioVersion = 17.4.33213.308
MinimumVisualStudioVersion = 10.0.40219.1
Project("{FAE04EC0-301F-11D3-BF4B-00C04F79EFBC}") = "2.2.3", "2.2.3\2.2.3.csproj", "{6DB5E8D5-F249-456B-9574-BDC9D4AC139D}"
EndProject
Global
	GlobalSection(SolutionConfigurationPlatforms) = preSolution
		Debug|Any CPU = Debug|Any CPU
		Release|Any CPU = Release|Any CPU
	EndGlobalSection
	GlobalSection(ProjectConfigurationPlatforms) = postSolution
		{6DB5E8D5-F249-456B-9574-BDC9D4AC139D}.Debug|Any CPU.ActiveCfg = Debug|Any CPU
		{6DB5E8D5-F249-456B-9574-BDC9D4AC139D}.Debug|Any CPU.Build.0 = Debug|Any CPU
		{6DB5E8D5-F249-456B-9574-BDC9D4AC139D}.Release|Any CPU.ActiveCfg = Release|Any CPU
		{6DB5E8D5-F249-456B-9574-BDC9D4AC139D}.Release|Any CPU.Build.0 = Release|Any CPU
	EndGlobalSection
	GlobalSection(SolutionProperties) = preSolution
		HideSolutionNode = FALSE
	EndGlobalSection
	GlobalSection(ExtensibilityGlobals) = postSolution
		SolutionGuid = {EE8C0BEC-FDB7-4F14-8755-ACBA6CC2C675}
	EndGlobalSection
EndGlobal
